<?xml version="1.0" encoding="utf-8"?>
<Project ToolsVersion="4.0" xmlns="http://schemas.microsoft.com/developer/msbuild/2003">
  <ItemGroup>
    <Filter Include="Resource Files">
      <UniqueIdentifier>{67DA6AB6-F800-4c08-8B7A-83BB121AAD01}</UniqueIdentifier>
      <Extensions>rc;ico;cur;bmp;dlg;rc2;rct;bin;rgs;gif;jpg;jpeg;jpe;resx;tiff;tif;png;wav</Extensions>
    </Filter>
    <Filter Include="Commands">
      <UniqueIdentifier>{b24ca101-e1b9-4d81-8350-019d07d99730}</UniqueIdentifier>
    </Filter>
    <Filter Include="Common">
      <UniqueIdentifier>{280f5d2e-1941-481d-a2dc-4984ea5bdf7e}</UniqueIdentifier>
    </Filter>
    <Filter Include="Framework">
      <UniqueIdentifier>{e1d03771-5abe-446a-b4a5-fba243c0b3e1}</UniqueIdentifier>
    </Filter>
    <Filter Include="Common\Primitives">
      <UniqueIdentifier>{52e4498e-cf4f-4968-8168-e45adf7a629f}</UniqueIdentifier>
    </Filter>
    <Filter Include="Setup">
      <UniqueIdentifier>{8fb26104-9332-45ad-b517-34a993c44355}</UniqueIdentifier>
    </Filter>
    <Filter Include="Graphics">
      <UniqueIdentifier>{65cbf2fd-7cab-4a29-ab74-6e0da8a68241}</UniqueIdentifier>
    </Filter>
    <Filter Include="Common\Containers">
      <UniqueIdentifier>{a9e36fce-d4ff-43c6-9d42-e82b6dac1ddf}</UniqueIdentifier>
    </Filter>
    <Filter Include="Commands\Matrix2D">
      <UniqueIdentifier>{c56dde27-f1a5-449e-8af4-ec19ccb48135}</UniqueIdentifier>
    </Filter>
    <Filter Include="Commands\Matrix3D">
      <UniqueIdentifier>{64966840-26e3-4c51-8582-4d8e6fa4d884}</UniqueIdentifier>
    </Filter>
    <Filter Include="Commands\Drawing">
      <UniqueIdentifier>{477205dc-c702-4ccc-afc3-bee1f1ebc4e2}</UniqueIdentifier>
    </Filter>
    <Filter Include="Commands\Viewport">
      <UniqueIdentifier>{7b89d1ec-85de-4a8f-ae16-973e82eb284f}</UniqueIdentifier>
    </Filter>
    <Filter Include="Commands\Verticies">
      <UniqueIdentifier>{35c7f4f3-e5d0-4599-a2b9-08b8affabc04}</UniqueIdentifier>
    </Filter>
    <Filter Include="Common\Utility">
      <UniqueIdentifier>{1d5ce7f1-e1eb-45ac-8d15-f8a5723bffa9}</UniqueIdentifier>
    </Filter>
    <Filter Include="Commands\Camera">
      <UniqueIdentifier>{7f443ea1-0223-4622-8703-3f482b6d3e51}</UniqueIdentifier>
    </Filter>
    <Filter Include="Commands\Lighting">
      <UniqueIdentifier>{7cc86205-fa09-4045-9287-74f9d203a316}</UniqueIdentifier>
    </Filter>
    <Filter Include="Common\Lighting">
      <UniqueIdentifier>{3053bd3e-a2e4-4c6e-8743-8c7b20aca86a}</UniqueIdentifier>
    </Filter>
  </ItemGroup>
  <ItemGroup>
    <ClCompile Include="..\..\source\stdafx.cpp">
      <Filter>Framework</Filter>
    </ClCompile>
    <ClCompile Include="..\..\source\Commands\CmdShowViewport.cpp">
      <Filter>Commands\Viewport</Filter>
    </ClCompile>
    <ClCompile Include="..\..\source\Commands\CmdViewport.cpp">
      <Filter>Commands\Viewport</Filter>
    </ClCompile>
    <ClCompile Include="..\..\source\Commands\CmdVertex2.cpp">
      <Filter>Commands\Verticies</Filter>
    </ClCompile>
    <ClCompile Include="..\..\source\Commands\CmdVertex3.cpp">
      <Filter>Commands\Verticies</Filter>
    </ClCompile>
    <ClCompile Include="..\..\source\Commands\CmdMatrix3DIdentity.cpp">
      <Filter>Commands\Matrix3D</Filter>
    </ClCompile>
    <ClCompile Include="..\..\source\Commands\CmdMatrix3DRotate.cpp">
      <Filter>Commands\Matrix3D</Filter>
    </ClCompile>
    <ClCompile Include="..\..\source\Commands\CmdMatrix3DScale.cpp">
      <Filter>Commands\Matrix3D</Filter>
    </ClCompile>
    <ClCompile Include="..\..\source\Commands\CmdMatrix3DTranslate.cpp">
      <Filter>Commands\Matrix3D</Filter>
    </ClCompile>
    <ClCompile Include="..\..\source\Commands\CmdMatrix2DIdentity.cpp">
      <Filter>Commands\Matrix2D</Filter>
    </ClCompile>
    <ClCompile Include="..\..\source\Commands\CmdMatrix2DRotate.cpp">
      <Filter>Commands\Matrix2D</Filter>
    </ClCompile>
    <ClCompile Include="..\..\source\Commands\CmdMatrix2DScale.cpp">
      <Filter>Commands\Matrix2D</Filter>
    </ClCompile>
    <ClCompile Include="..\..\source\Commands\CmdMatrix2DShear.cpp">
      <Filter>Commands\Matrix2D</Filter>
    </ClCompile>
    <ClCompile Include="..\..\source\Commands\CmdMatrix2DTranslate.cpp">
      <Filter>Commands\Matrix2D</Filter>
    </ClCompile>
    <ClCompile Include="..\..\source\Commands\CmdColor.cpp">
      <Filter>Commands\Drawing</Filter>
    </ClCompile>
    <ClCompile Include="..\..\source\Commands\CmdDrawBegin.cpp">
      <Filter>Commands\Drawing</Filter>
    </ClCompile>
    <ClCompile Include="..\..\source\Commands\CmdDrawEnd.cpp">
      <Filter>Commands\Drawing</Filter>
    </ClCompile>
    <ClCompile Include="..\..\source\Commands\CmdDrawPixel.cpp">
      <Filter>Commands\Drawing</Filter>
    </ClCompile>
    <ClCompile Include="..\..\source\Commands\CmdFillMode.cpp">
      <Filter>Commands\Drawing</Filter>
    </ClCompile>
    <ClCompile Include="..\..\source\Commands\CmdCameraFar.cpp">
      <Filter>Commands\Camera</Filter>
    </ClCompile>
    <ClCompile Include="..\..\source\Commands\CmdCameraFOV.cpp">
      <Filter>Commands\Camera</Filter>
    </ClCompile>
    <ClCompile Include="..\..\source\Commands\CmdCameraNear.cpp">
      <Filter>Commands\Camera</Filter>
    </ClCompile>
    <ClCompile Include="..\..\source\Commands\CmdCameraPersp.cpp">
      <Filter>Commands\Camera</Filter>
    </ClCompile>
    <ClCompile Include="..\..\source\Commands\CmdClip.cpp">
      <Filter>Commands\Viewport</Filter>
    </ClCompile>
    <ClCompile Include="..\..\source\Framework\ChildFrm.cpp">
      <Filter>Framework</Filter>
    </ClCompile>
    <ClCompile Include="..\..\source\Framework\CMGfx.cpp">
      <Filter>Framework</Filter>
    </ClCompile>
    <ClCompile Include="..\..\source\Framework\CMGfxDoc.cpp">
      <Filter>Framework</Filter>
    </ClCompile>
    <ClCompile Include="..\..\source\Framework\CMGfxView.cpp">
      <Filter>Framework</Filter>
    </ClCompile>
    <ClCompile Include="..\..\source\Framework\CntrItem.cpp">
      <Filter>Framework</Filter>
    </ClCompile>
    <ClCompile Include="..\..\source\Framework\MainFrm.cpp">
      <Filter>Framework</Filter>
    </ClCompile>
    <ClCompile Include="..\..\source\Framework\oglMFCDialogDlg.cpp">
      <Filter>Framework</Filter>
    </ClCompile>
    <ClCompile Include="..\..\source\Framework\OpenGLControl.cpp">
      <Filter>Framework</Filter>
    </ClCompile>
    <ClCompile Include="..\..\source\Containers\Vector2.cpp">
      <Filter>Common\Containers</Filter>
    </ClCompile>
    <ClCompile Include="..\..\source\Containers\Matrix44.cpp">
      <Filter>Common\Containers</Filter>
    </ClCompile>
    <ClCompile Include="..\..\source\Containers\Rect2.cpp">
      <Filter>Common\Containers</Filter>
    </ClCompile>
    <ClCompile Include="..\..\source\Containers\Vector3.cpp">
      <Filter>Common\Containers</Filter>
    </ClCompile>
    <ClCompile Include="..\..\source\Containers\Matrix33.cpp">
      <Filter>Common\Containers</Filter>
    </ClCompile>
    <ClCompile Include="..\..\source\Containers\Vector4.cpp">
      <Filter>Common\Containers</Filter>
    </ClCompile>
    <ClCompile Include="..\..\source\Primitives\Line.cpp">
      <Filter>Common\Primitives</Filter>
    </ClCompile>
    <ClCompile Include="..\..\source\Primitives\Triangle.cpp">
      <Filter>Common\Primitives</Filter>
    </ClCompile>
    <ClCompile Include="..\..\source\Primitives\Primitive.cpp">
      <Filter>Common\Primitives</Filter>
    </ClCompile>
    <ClCompile Include="..\..\source\Primitives\PrimitiveTypes.cpp">
      <Filter>Common\Primitives</Filter>
    </ClCompile>
    <ClCompile Include="..\..\source\Primitives\FillModes.cpp">
      <Filter>Common\Primitives</Filter>
    </ClCompile>
    <ClCompile Include="..\..\source\Graphics\Clipper.cpp">
      <Filter>Graphics</Filter>
    </ClCompile>
    <ClCompile Include="..\..\source\Graphics\PrimManager.cpp">
      <Filter>Graphics</Filter>
    </ClCompile>
    <ClCompile Include="..\..\source\Graphics\PerspectiveMatrix.cpp">
      <Filter>Graphics</Filter>
    </ClCompile>
    <ClCompile Include="..\..\source\Graphics\Viewport.cpp">
      <Filter>Graphics</Filter>
    </ClCompile>
    <ClCompile Include="..\..\source\Graphics\MatrixManager.cpp">
      <Filter>Graphics</Filter>
    </ClCompile>
    <ClCompile Include="..\..\source\Graphics\Camera.cpp">
      <Filter>Graphics</Filter>
    </ClCompile>
    <ClCompile Include="..\..\source\Graphics\StateManager.cpp">
      <Filter>Graphics</Filter>
    </ClCompile>
    <ClCompile Include="..\..\source\Utility\Transforms.cpp">
      <Filter>Common\Utility</Filter>
    </ClCompile>
    <ClCompile Include="..\..\source\Utility\ScriptParser.cpp">
      <Filter>Common\Utility</Filter>
    </ClCompile>
    <ClCompile Include="..\..\source\Graphics\Rasterizer.cpp">
      <Filter>Graphics</Filter>
    </ClCompile>
    <ClCompile Include="..\..\source\Containers\Point.cpp">
      <Filter>Common\Containers</Filter>
    </ClCompile>
    <ClCompile Include="..\..\source\Commands\CmdBackfaceCull.cpp">
      <Filter>Commands\Viewport</Filter>
    </ClCompile>
    <ClCompile Include="..\..\source\Commands\CmdZBuffer.cpp">
      <Filter>Commands\Viewport</Filter>
    </ClCompile>
    <ClCompile Include="..\..\source\Containers\ZBuffer.cpp">
      <Filter>Common\Containers</Filter>
    </ClCompile>
    <ClCompile Include="..\..\source\Lighting\DirectionalLight.cpp">
      <Filter>Common\Lighting</Filter>
    </ClCompile>
    <ClCompile Include="..\..\source\Lighting\PointLight.cpp">
      <Filter>Common\Lighting</Filter>
    </ClCompile>
    <ClCompile Include="..\..\source\Lighting\SpotLight.cpp">
      <Filter>Common\Lighting</Filter>
    </ClCompile>
    <ClCompile Include="..\..\source\Graphics\LightManager.cpp">
      <Filter>Graphics</Filter>
    </ClCompile>
  </ItemGroup>
  <ItemGroup>
    <ClInclude Include="..\..\source\resource.h">
      <Filter>Framework</Filter>
    </ClInclude>
    <ClInclude Include="..\..\source\Common.h">
      <Filter>Common</Filter>
    </ClInclude>
    <ClInclude Include="..\..\source\stdafx.h">
      <Filter>Framework</Filter>
    </ClInclude>
    <ClInclude Include="..\..\source\Commands\CmdCommand.h">
      <Filter>Commands</Filter>
    </ClInclude>
    <ClInclude Include="..\..\source\Commands\Commands.h">
      <Filter>Commands</Filter>
    </ClInclude>
    <ClInclude Include="..\..\source\Commands\CmdShowViewport.h">
      <Filter>Commands\Viewport</Filter>
    </ClInclude>
    <ClInclude Include="..\..\source\Commands\CmdViewport.h">
      <Filter>Commands\Viewport</Filter>
    </ClInclude>
    <ClInclude Include="..\..\source\Commands\CmdVertex2.h">
      <Filter>Commands\Verticies</Filter>
    </ClInclude>
    <ClInclude Include="..\..\source\Commands\CmdVertex3.h">
      <Filter>Commands\Verticies</Filter>
    </ClInclude>
    <ClInclude Include="..\..\source\Commands\CmdMatrix3DIdentity.h">
      <Filter>Commands\Matrix3D</Filter>
    </ClInclude>
    <ClInclude Include="..\..\source\Commands\CmdMatrix3DRotate.h">
      <Filter>Commands\Matrix3D</Filter>
    </ClInclude>
    <ClInclude Include="..\..\source\Commands\CmdMatrix3DScale.h">
      <Filter>Commands\Matrix3D</Filter>
    </ClInclude>
    <ClInclude Include="..\..\source\Commands\CmdMatrix3DTranslate.h">
      <Filter>Commands\Matrix3D</Filter>
    </ClInclude>
    <ClInclude Include="..\..\source\Commands\CmdMatrix2DIdentity.h">
      <Filter>Commands\Matrix2D</Filter>
    </ClInclude>
    <ClInclude Include="..\..\source\Commands\CmdMatrix2DRotate.h">
      <Filter>Commands\Matrix2D</Filter>
    </ClInclude>
    <ClInclude Include="..\..\source\Commands\CmdMatrix2DScale.h">
      <Filter>Commands\Matrix2D</Filter>
    </ClInclude>
    <ClInclude Include="..\..\source\Commands\CmdMatrix2DShear.h">
      <Filter>Commands\Matrix2D</Filter>
    </ClInclude>
    <ClInclude Include="..\..\source\Commands\CmdMatrix2DTranslate.h">
      <Filter>Commands\Matrix2D</Filter>
    </ClInclude>
    <ClInclude Include="..\..\source\Commands\CmdColor.h">
      <Filter>Commands\Drawing</Filter>
    </ClInclude>
    <ClInclude Include="..\..\source\Commands\CmdDrawBegin.h">
      <Filter>Commands\Drawing</Filter>
    </ClInclude>
    <ClInclude Include="..\..\source\Commands\CmdDrawEnd.h">
      <Filter>Commands\Drawing</Filter>
    </ClInclude>
    <ClInclude Include="..\..\source\Commands\CmdDrawPixel.h">
      <Filter>Commands\Drawing</Filter>
    </ClInclude>
    <ClInclude Include="..\..\source\Commands\CmdFillMode.h">
      <Filter>Commands\Drawing</Filter>
    </ClInclude>
    <ClInclude Include="..\..\source\Commands\CmdCameraFar.h">
      <Filter>Commands\Camera</Filter>
    </ClInclude>
    <ClInclude Include="..\..\source\Commands\CmdCameraFOV.h">
      <Filter>Commands\Camera</Filter>
    </ClInclude>
    <ClInclude Include="..\..\source\Commands\CmdCameraNear.h">
      <Filter>Commands\Camera</Filter>
    </ClInclude>
    <ClInclude Include="..\..\source\Commands\CmdCameraPersp.h">
      <Filter>Commands\Camera</Filter>
    </ClInclude>
    <ClInclude Include="..\..\source\Commands\CmdClip.h">
      <Filter>Commands\Viewport</Filter>
    </ClInclude>
    <ClInclude Include="..\..\source\Framework\ChildFrm.h">
      <Filter>Framework</Filter>
    </ClInclude>
    <ClInclude Include="..\..\source\Framework\CMGfx.h">
      <Filter>Framework</Filter>
    </ClInclude>
    <ClInclude Include="..\..\source\Framework\CMGfxDoc.h">
      <Filter>Framework</Filter>
    </ClInclude>
    <ClInclude Include="..\..\source\Framework\CMGfxView.h">
      <Filter>Framework</Filter>
    </ClInclude>
    <ClInclude Include="..\..\source\Framework\CntrItem.h">
      <Filter>Framework</Filter>
    </ClInclude>
    <ClInclude Include="..\..\source\Framework\MainFrm.h">
      <Filter>Framework</Filter>
    </ClInclude>
    <ClInclude Include="..\..\source\Framework\oglMFCDialogDlg.h">
      <Filter>Framework</Filter>
    </ClInclude>
    <ClInclude Include="..\..\source\Framework\OpenGLControl.h">
      <Filter>Framework</Filter>
    </ClInclude>
    <ClInclude Include="..\..\source\Containers\Vertex3.h">
      <Filter>Common\Containers</Filter>
    </ClInclude>
    <ClInclude Include="..\..\source\Containers\Rect2.h">
      <Filter>Common\Containers</Filter>
    </ClInclude>
    <ClInclude Include="..\..\source\Containers\Vector3.h">
      <Filter>Common\Containers</Filter>
    </ClInclude>
    <ClInclude Include="..\..\source\Containers\Matrix44.h">
      <Filter>Common\Containers</Filter>
    </ClInclude>
    <ClInclude Include="..\..\source\Containers\Matrix33.h">
      <Filter>Common\Containers</Filter>
    </ClInclude>
    <ClInclude Include="..\..\source\Containers\Vertex2.h">
      <Filter>Common\Containers</Filter>
    </ClInclude>
    <ClInclude Include="..\..\source\Containers\Vector4.h">
      <Filter>Common\Containers</Filter>
    </ClInclude>
    <ClInclude Include="..\..\source\Containers\Color.h">
      <Filter>Common\Containers</Filter>
    </ClInclude>
    <ClInclude Include="..\..\source\Containers\Plane2.h">
      <Filter>Common\Containers</Filter>
    </ClInclude>
    <ClInclude Include="..\..\source\Containers\Vector2.h">
      <Filter>Common\Containers</Filter>
    </ClInclude>
    <ClInclude Include="..\..\source\Primitives\Primitive.h">
      <Filter>Common\Primitives</Filter>
    </ClInclude>
    <ClInclude Include="..\..\source\Primitives\Line.h">
      <Filter>Common\Primitives</Filter>
    </ClInclude>
    <ClInclude Include="..\..\source\Primitives\Triangle.h">
      <Filter>Common\Primitives</Filter>
    </ClInclude>
    <ClInclude Include="..\..\source\Primitives\PrimitiveTypes.h">
      <Filter>Common\Primitives</Filter>
    </ClInclude>
    <ClInclude Include="..\..\source\Primitives\FillModes.h">
      <Filter>Common\Primitives</Filter>
    </ClInclude>
    <ClInclude Include="..\..\source\Graphics\StateManager.h">
      <Filter>Graphics</Filter>
    </ClInclude>
    <ClInclude Include="..\..\source\Graphics\PrimManager.h">
      <Filter>Graphics</Filter>
    </ClInclude>
    <ClInclude Include="..\..\source\Graphics\Clipper.h">
      <Filter>Graphics</Filter>
    </ClInclude>
    <ClInclude Include="..\..\source\Graphics\Viewport.h">
      <Filter>Graphics</Filter>
    </ClInclude>
    <ClInclude Include="..\..\source\Graphics\Camera.h">
      <Filter>Graphics</Filter>
    </ClInclude>
    <ClInclude Include="..\..\source\Graphics\MatrixManager.h">
      <Filter>Graphics</Filter>
    </ClInclude>
    <ClInclude Include="..\..\source\Graphics\PerspectiveMatrix.h">
      <Filter>Graphics</Filter>
    </ClInclude>
    <ClInclude Include="..\..\source\Utility\MiniMath.h">
      <Filter>Common\Utility</Filter>
    </ClInclude>
    <ClInclude Include="..\..\source\Utility\ScriptParser.h">
      <Filter>Common\Utility</Filter>
    </ClInclude>
    <ClInclude Include="..\..\source\Utility\Transforms.h">
      <Filter>Common\Utility</Filter>
    </ClInclude>
    <ClInclude Include="..\..\source\Utility\NonCopyable.h">
      <Filter>Common\Utility</Filter>
    </ClInclude>
    <ClInclude Include="..\..\source\Graphics\Rasterizer.h">
      <Filter>Graphics</Filter>
    </ClInclude>
    <ClInclude Include="..\..\source\Containers\Point.h">
      <Filter>Common\Containers</Filter>
    </ClInclude>
    <ClInclude Include="..\..\source\Commands\CmdBackfaceCull.h">
      <Filter>Commands\Viewport</Filter>
    </ClInclude>
    <ClInclude Include="..\..\source\Containers\Array2.h">
      <Filter>Common\Containers</Filter>
    </ClInclude>
    <ClInclude Include="..\..\source\Commands\CmdZBuffer.h">
      <Filter>Commands\Viewport</Filter>
    </ClInclude>
    <ClInclude Include="..\..\source\Containers\ZBuffer.h">
      <Filter>Common\Containers</Filter>
    </ClInclude>
    <ClInclude Include="..\..\source\Lighting\Light.h">
      <Filter>Common\Lighting</Filter>
    </ClInclude>
    <ClInclude Include="..\..\source\Lighting\DirectionalLight.h">
      <Filter>Common\Lighting</Filter>
    </ClInclude>
    <ClInclude Include="..\..\source\Lighting\PointLight.h">
      <Filter>Common\Lighting</Filter>
    </ClInclude>
    <ClInclude Include="..\..\source\Lighting\SpotLight.h">
      <Filter>Common\Lighting</Filter>
    </ClInclude>
    <ClInclude Include="..\..\source\Graphics\LightManager.h">
      <Filter>Graphics</Filter>
    </ClInclude>
  </ItemGroup>
  <ItemGroup>
    <None Include="..\..\setup\CMGfx.aps">
      <Filter>Setup</Filter>
    </None>
    <None Include="..\..\setup\CMGfx.reg">
      <Filter>Setup</Filter>
    </None>
    <None Include="..\..\setup\res\CMGfx.rc2">
      <Filter>Resource Files</Filter>
    </None>
    <None Include="..\..\setup\res\Thumbs.db">
      <Filter>Resource Files</Filter>
    </None>
    <None Include="..\..\README.md" />
  </ItemGroup>
  <ItemGroup>
    <Text Include="ReadMe.txt" />
  </ItemGroup>
  <ItemGroup>
    <ResourceCompile Include="..\..\setup\CMGfx.rc">
      <Filter>Setup</Filter>
    </ResourceCompile>
  </ItemGroup>
  <ItemGroup>
    <Image Include="..\..\setup\res\CMGfx.ico">
      <Filter>Resource Files</Filter>
    </Image>
    <Image Include="..\..\setup\res\CMGfxDoc.ico">
      <Filter>Resource Files</Filter>
    </Image>
    <Image Include="..\..\setup\res\Toolbar.bmp">
      <Filter>Resource Files</Filter>
    </Image>
  </ItemGroup>
</Project>